
Microsoft Visual Studio Solution File, Format Version 12.00
# Visual Studio Version 17
VisualStudioVersion = 17.3.32714.290
MinimumVisualStudioVersion = 10.0.40219.1
Project("{E24C65DC-7377-472B-9ABA-BC803B73C61A}") = "3SHostt", ".", "{975EF0B0-FE84-43C7-BC9D-B630E2FB8783}"
	ProjectSection(WebsiteProperties) = preProject
		SccProjectName = "SAK"
		SccAuxPath = "SAK"
		SccLocalPath = "SAK"
		SccProvider = "SAK"
		TargetFrameworkMoniker = ".NETFramework,Version%3Dv4.7.2"
		ProjectReferences = ""
		Debug.AspNetCompiler.VirtualPath = "/RateFlex"
		Debug.AspNetCompiler.PhysicalPath = "..\3SHostt\"
		Debug.AspNetCompiler.TargetPath = "PrecompiledWeb\RateFlex\"
		Debug.AspNetCompiler.Updateable = "false"
		Debug.AspNetCompiler.ForceOverwrite = "true"
		Debug.AspNetCompiler.FixedNames = "false"
		Debug.AspNetCompiler.Debug = "True"
		Release.AspNetCompiler.VirtualPath = "/RateFlex"
		Release.AspNetCompiler.PhysicalPath = "..\3SHostt\"
		Release.AspNetCompiler.TargetPath = "PrecompiledWeb\RateFlex\"
		Release.AspNetCompiler.Updateable = "false"
		Release.AspNetCompiler.ForceOverwrite = "true"
		Release.AspNetCompiler.FixedNames = "false"
		Release.AspNetCompiler.Debug = "False"
		VWDPort = "7298"
		SlnRelativePath = "..\3SHostt\"
	EndProjectSection
EndProject
Global
	GlobalSection(SolutionConfigurationPlatforms) = preSolution
		Debug|Any CPU = Debug|Any CPU
		Release|Any CPU = Release|Any CPU
	EndGlobalSection
	GlobalSection(ProjectConfigurationPlatforms) = postSolution
		{975EF0B0-FE84-43C7-BC9D-B630E2FB8783}.Debug|Any CPU.ActiveCfg = Debug|Any CPU
		{975EF0B0-FE84-43C7-BC9D-B630E2FB8783}.Debug|Any CPU.Build.0 = Debug|Any CPU
		{975EF0B0-FE84-43C7-BC9D-B630E2FB8783}.Release|Any CPU.ActiveCfg = Debug|Any CPU
		{975EF0B0-FE84-43C7-BC9D-B630E2FB8783}.Release|Any CPU.Build.0 = Debug|Any CPU
	EndGlobalSection
	GlobalSection(SolutionProperties) = preSolution
		HideSolutionNode = FALSE
	EndGlobalSection
	GlobalSection(ExtensibilityGlobals) = postSolution
		SolutionGuid = {E3274394-D304-486D-8810-2F27E9068FB0}
	EndGlobalSection
EndGlobal
